
Microsoft Visual Studio Solution File, Format Version 12.00
# Visual Studio Version 16
VisualStudioVersion = 16.0.29905.134
MinimumVisualStudioVersion = 10.0.40219.1
Project("{9A19103F-16F7-4668-BE54-9A1E7A4F7556}") = "ServerApp", "ServerApp\ServerApp.csproj", "{A1A2AC31-0318-4EA2-B71E-EFE47646517B}"
EndProject
Project("{E24C65DC-7377-472B-9ABA-BC803B73C61A}") = "ClientApp", "..\SportsStore\ClientApp\", "{CCAA3C06-F349-4038-99E7-7A9D03E38B29}"
	ProjectSection(WebsiteProperties) = preProject
		TargetFrameworkMoniker = ".NETFramework,Version%3Dv4.0"
		Debug.AspNetCompiler.VirtualPath = "/localhost_53478"
		Debug.AspNetCompiler.PhysicalPath = "..\SportsStore\ClientApp\"
		Debug.AspNetCompiler.TargetPath = "PrecompiledWeb\localhost_53478\"
		Debug.AspNetCompiler.Updateable = "true"
		Debug.AspNetCompiler.ForceOverwrite = "true"
		Debug.AspNetCompiler.FixedNames = "false"
		Debug.AspNetCompiler.Debug = "True"
		Release.AspNetCompiler.VirtualPath = "/localhost_53478"
		Release.AspNetCompiler.PhysicalPath = "..\SportsStore\ClientApp\"
		Release.AspNetCompiler.TargetPath = "PrecompiledWeb\localhost_53478\"
		Release.AspNetCompiler.Updateable = "true"
		Release.AspNetCompiler.ForceOverwrite = "true"
		Release.AspNetCompiler.FixedNames = "false"
		Release.AspNetCompiler.Debug = "False"
		VWDPort = "53478"
		SlnRelativePath = "..\SportsStore\ClientApp\"
	EndProjectSection
EndProject
Global
	GlobalSection(SolutionConfigurationPlatforms) = preSolution
		Debug|Any CPU = Debug|Any CPU
		Release|Any CPU = Release|Any CPU
	EndGlobalSection
	GlobalSection(ProjectConfigurationPlatforms) = postSolution
		{A1A2AC31-0318-4EA2-B71E-EFE47646517B}.Debug|Any CPU.ActiveCfg = Debug|Any CPU
		{A1A2AC31-0318-4EA2-B71E-EFE47646517B}.Debug|Any CPU.Build.0 = Debug|Any CPU
		{A1A2AC31-0318-4EA2-B71E-EFE47646517B}.Release|Any CPU.ActiveCfg = Release|Any CPU
		{A1A2AC31-0318-4EA2-B71E-EFE47646517B}.Release|Any CPU.Build.0 = Release|Any CPU
		{CCAA3C06-F349-4038-99E7-7A9D03E38B29}.Debug|Any CPU.ActiveCfg = Debug|Any CPU
		{CCAA3C06-F349-4038-99E7-7A9D03E38B29}.Debug|Any CPU.Build.0 = Debug|Any CPU
		{CCAA3C06-F349-4038-99E7-7A9D03E38B29}.Release|Any CPU.ActiveCfg = Debug|Any CPU
		{CCAA3C06-F349-4038-99E7-7A9D03E38B29}.Release|Any CPU.Build.0 = Debug|Any CPU
	EndGlobalSection
	GlobalSection(SolutionProperties) = preSolution
		HideSolutionNode = FALSE
	EndGlobalSection
	GlobalSection(ExtensibilityGlobals) = postSolution
		SolutionGuid = {074B32DF-9BF2-466E-8B51-DF9F170C97D2}
	EndGlobalSection
EndGlobal
